
Microsoft Visual Studio Solution File, Format Version 12.00
# Visual Studio Version 17
VisualStudioVersion = 17.4.33205.214
MinimumVisualStudioVersion = 10.0.40219.1
Project("{FAE04EC0-301F-11D3-BF4B-00C04F79EFBC}") = "Homeworks", "Homeworks\Homeworks.csproj", "{DB12DD50-011E-4B27-8581-7EDE2FBA5339}"
EndProject
Project("{FAE04EC0-301F-11D3-BF4B-00C04F79EFBC}") = "Lesson", "Lesson\Lesson.csproj", "{784F116C-8407-4E32-99C0-96E1604DE0DF}"
EndProject
Global
	GlobalSection(SolutionConfigurationPlatforms) = preSolution
		Debug|Any CPU = Debug|Any CPU
		Release|Any CPU = Release|Any CPU
	EndGlobalSection
	GlobalSection(ProjectConfigurationPlatforms) = postSolution
		{DB12DD50-011E-4B27-8581-7EDE2FBA5339}.Debug|Any CPU.ActiveCfg = Debug|Any CPU
		{DB12DD50-011E-4B27-8581-7EDE2FBA5339}.Debug|Any CPU.Build.0 = Debug|Any CPU
		{DB12DD50-011E-4B27-8581-7EDE2FBA5339}.Release|Any CPU.ActiveCfg = Release|Any CPU
		{DB12DD50-011E-4B27-8581-7EDE2FBA5339}.Release|Any CPU.Build.0 = Release|Any CPU
		{784F116C-8407-4E32-99C0-96E1604DE0DF}.Debug|Any CPU.ActiveCfg = Debug|Any CPU
		{784F116C-8407-4E32-99C0-96E1604DE0DF}.Debug|Any CPU.Build.0 = Debug|Any CPU
		{784F116C-8407-4E32-99C0-96E1604DE0DF}.Release|Any CPU.ActiveCfg = Release|Any CPU
		{784F116C-8407-4E32-99C0-96E1604DE0DF}.Release|Any CPU.Build.0 = Release|Any CPU
	EndGlobalSection
	GlobalSection(SolutionProperties) = preSolution
		HideSolutionNode = FALSE
	EndGlobalSection
	GlobalSection(ExtensibilityGlobals) = postSolution
		SolutionGuid = {7410B4F4-DC13-4545-A9EC-7EFF35583211}
	EndGlobalSection
EndGlobal
